
Microsoft Visual Studio Solution File, Format Version 12.00
# Visual Studio 15
VisualStudioVersion = 15.0.27004.2009
MinimumVisualStudioVersion = 10.0.40219.1
Project("{FAE04EC0-301F-11D3-BF4B-00C04F79EFBC}") = "myapi", "myapi\myapi.csproj", "{E9157DAB-E86C-4184-A579-3F042BB9812A}"
EndProject
Global
	GlobalSection(SolutionConfigurationPlatforms) = preSolution
		Debug|Any CPU = Debug|Any CPU
		Release|Any CPU = Release|Any CPU
	EndGlobalSection
	GlobalSection(ProjectConfigurationPlatforms) = postSolution
		{E9157DAB-E86C-4184-A579-3F042BB9812A}.Debug|Any CPU.ActiveCfg = Debug|Any CPU
		{E9157DAB-E86C-4184-A579-3F042BB9812A}.Debug|Any CPU.Build.0 = Debug|Any CPU
		{E9157DAB-E86C-4184-A579-3F042BB9812A}.Release|Any CPU.ActiveCfg = Release|Any CPU
		{E9157DAB-E86C-4184-A579-3F042BB9812A}.Release|Any CPU.Build.0 = Release|Any CPU
	EndGlobalSection
	GlobalSection(SolutionProperties) = preSolution
		HideSolutionNode = FALSE
	EndGlobalSection
	GlobalSection(ExtensibilityGlobals) = postSolution
		SolutionGuid = {BEB7F04C-6CBD-41FA-A0B0-EF85330BC790}
	EndGlobalSection
EndGlobal
